
Microsoft Visual Studio Solution File, Format Version 12.00
# Visual Studio 15
VisualStudioVersion = 15.0.28010.2036
MinimumVisualStudioVersion = 10.0.40219.1
Project("{FAE04EC0-301F-11D3-BF4B-00C04F79EFBC}") = "GrandCircusLab9", "GrandCircusLab9\GrandCircusLab9.csproj", "{AFCDE6FB-68D0-4544-AF88-CFAD93898B01}"
EndProject
Global
	GlobalSection(SolutionConfigurationPlatforms) = preSolution
		Debug|Any CPU = Debug|Any CPU
		Release|Any CPU = Release|Any CPU
	EndGlobalSection
	GlobalSection(ProjectConfigurationPlatforms) = postSolution
		{AFCDE6FB-68D0-4544-AF88-CFAD93898B01}.Debug|Any CPU.ActiveCfg = Debug|Any CPU
		{AFCDE6FB-68D0-4544-AF88-CFAD93898B01}.Debug|Any CPU.Build.0 = Debug|Any CPU
		{AFCDE6FB-68D0-4544-AF88-CFAD93898B01}.Release|Any CPU.ActiveCfg = Release|Any CPU
		{AFCDE6FB-68D0-4544-AF88-CFAD93898B01}.Release|Any CPU.Build.0 = Release|Any CPU
	EndGlobalSection
	GlobalSection(SolutionProperties) = preSolution
		HideSolutionNode = FALSE
	EndGlobalSection
	GlobalSection(ExtensibilityGlobals) = postSolution
		SolutionGuid = {AFA38058-1008-4386-9E2C-89CD1952086C}
	EndGlobalSection
EndGlobal
